
Microsoft Visual Studio Solution File, Format Version 12.00
# Visual Studio Version 17
VisualStudioVersion = 17.7.34202.233
MinimumVisualStudioVersion = 10.0.40219.1
Project("{FAE04EC0-301F-11D3-BF4B-00C04F79EFBC}") = "BecaJobsAPI", "BecaJobsAPI\BecaJobsAPI.csproj", "{93E3BB95-AF74-45F7-B7E0-E96F68DFAAA7}"
EndProject
Global
	GlobalSection(SolutionConfigurationPlatforms) = preSolution
		Debug|Any CPU = Debug|Any CPU
		Release|Any CPU = Release|Any CPU
	EndGlobalSection
	GlobalSection(ProjectConfigurationPlatforms) = postSolution
		{93E3BB95-AF74-45F7-B7E0-E96F68DFAAA7}.Debug|Any CPU.ActiveCfg = Debug|Any CPU
		{93E3BB95-AF74-45F7-B7E0-E96F68DFAAA7}.Debug|Any CPU.Build.0 = Debug|Any CPU
		{93E3BB95-AF74-45F7-B7E0-E96F68DFAAA7}.Release|Any CPU.ActiveCfg = Release|Any CPU
		{93E3BB95-AF74-45F7-B7E0-E96F68DFAAA7}.Release|Any CPU.Build.0 = Release|Any CPU
	EndGlobalSection
	GlobalSection(SolutionProperties) = preSolution
		HideSolutionNode = FALSE
	EndGlobalSection
	GlobalSection(ExtensibilityGlobals) = postSolution
		SolutionGuid = {2F952C6D-4FFB-4BA2-95C9-F26346EA23BC}
	EndGlobalSection
EndGlobal
